// !$*UTF8*$!
{
	archiveVersion = 1;
	classes = {
	};
	objectVersion = 46;
	objects = {

/* Begin PBXBuildFile section */
		2937A98A1CC6A3E700BAAFCE /* AppDelegate.swift in Sources */ = {isa = PBXBuildFile; fileRef = 2937A9891CC6A3E700BAAFCE /* AppDelegate.swift */; };
		2937A98C1CC6A3E700BAAFCE /* ViewController.swift in Sources */ = {isa = PBXBuildFile; fileRef = 2937A98B1CC6A3E700BAAFCE /* ViewController.swift */; };
		2937A9A01CC6A6AD00BAAFCE /* Assets.xcassets in Resources */ = {isa = PBXBuildFile; fileRef = 2937A99C1CC6A6AD00BAAFCE /* Assets.xcassets */; };
		2937A9A11CC6A6AD00BAAFCE /* LaunchScreen.storyboard in Resources */ = {isa = PBXBuildFile; fileRef = 2937A99D1CC6A6AD00BAAFCE /* LaunchScreen.storyboard */; };
		2937A9A51CC6A7AC00BAAFCE /* Brandon_bld.otf in Resources */ = {isa = PBXBuildFile; fileRef = 2937A9A31CC6A7AC00BAAFCE /* Brandon_bld.otf */; };
		2937A9A61CC6A7AC00BAAFCE /* Monaco.ttf in Resources */ = {isa = PBXBuildFile; fileRef = 2937A9A41CC6A7AC00BAAFCE /* Monaco.ttf */; };
		8F4E30BFEABF17F9EC03599B /* Pods_Stories.framework in Frameworks */ = {isa = PBXBuildFile; fileRef = 4E5EEBE4B3E0E5C24881061B /* Pods_Stories.framework */; };
/* End PBXBuildFile section */

/* Begin PBXFileReference section */
		2937A9861CC6A3E700BAAFCE /* Stories.app */ = {isa = PBXFileReference; explicitFileType = wrapper.application; includeInIndex = 0; path = Stories.app; sourceTree = BUILT_PRODUCTS_DIR; };
		2937A9891CC6A3E700BAAFCE /* AppDelegate.swift */ = {isa = PBXFileReference; lastKnownFileType = sourcecode.swift; path = AppDelegate.swift; sourceTree = "<group>"; };
		2937A98B1CC6A3E700BAAFCE /* ViewController.swift */ = {isa = PBXFileReference; lastKnownFileType = sourcecode.swift; path = ViewController.swift; sourceTree = "<group>"; };
		2937A99C1CC6A6AD00BAAFCE /* Assets.xcassets */ = {isa = PBXFileReference; lastKnownFileType = folder.assetcatalog; path = Assets.xcassets; sourceTree = "<group>"; };
		2937A99E1CC6A6AD00BAAFCE /* Base */ = {isa = PBXFileReference; lastKnownFileType = file.storyboard; name = Base; path = Base.lproj/LaunchScreen.storyboard; sourceTree = "<group>"; };
		2937A99F1CC6A6AD00BAAFCE /* Info.plist */ = {isa = PBXFileReference; fileEncoding = 4; lastKnownFileType = text.plist.xml; path = Info.plist; sourceTree = "<group>"; };
		2937A9A31CC6A7AC00BAAFCE /* Brandon_bld.otf */ = {isa = PBXFileReference; lastKnownFileType = file; path = Brandon_bld.otf; sourceTree = "<group>"; };
		2937A9A41CC6A7AC00BAAFCE /* Monaco.ttf */ = {isa = PBXFileReference; lastKnownFileType = file; path = Monaco.ttf; sourceTree = "<group>"; };
		4E5EEBE4B3E0E5C24881061B /* Pods_Stories.framework */ = {isa = PBXFileReference; explicitFileType = wrapper.framework; includeInIndex = 0; path = Pods_Stories.framework; sourceTree = BUILT_PRODUCTS_DIR; };
		6237324DE4E4A02943F19DA1 /* Pods-Stories.release.xcconfig */ = {isa = PBXFileReference; includeInIndex = 1; lastKnownFileType = text.xcconfig; name = "Pods-Stories.release.xcconfig"; path = "Pods/Target Support Files/Pods-Stories/Pods-Stories.release.xcconfig"; sourceTree = "<group>"; };
		DF69EFBDCE7980C4931FA796 /* Pods-Stories.debug.xcconfig */ = {isa = PBXFileReference; includeInIndex = 1; lastKnownFileType = text.xcconfig; name = "Pods-Stories.debug.xcconfig"; path = "Pods/Target Support Files/Pods-Stories/Pods-Stories.debug.xcconfig"; sourceTree = "<group>"; };
/* End PBXFileReference section */

/* Begin PBXFrameworksBuildPhase section */
		2937A9831CC6A3E700BAAFCE /* Frameworks */ = {
			isa = PBXFrameworksBuildPhase;
			buildActionMask = 2147483647;
			files = (
				8F4E30BFEABF17F9EC03599B /* Pods_Stories.framework in Frameworks */,
			);
			runOnlyForDeploymentPostprocessing = 0;
		};
/* End PBXFrameworksBuildPhase section */

/* Begin PBXGroup section */
		04B9B5EF17A14AED35DDDC57 /* Frameworks */ = {
			isa = PBXGroup;
			children = (
				4E5EEBE4B3E0E5C24881061B /* Pods_Stories.framework */,
			);
			name = Frameworks;
			sourceTree = "<group>";
		};
		2937A97D1CC6A3E700BAAFCE = {
			isa = PBXGroup;
			children = (
				2937A9881CC6A3E700BAAFCE /* Stories */,
				2937A9871CC6A3E700BAAFCE /* Products */,
				4BA83F6D10AAB55A6CB738FC /* Pods */,
				04B9B5EF17A14AED35DDDC57 /* Frameworks */,
			);
			sourceTree = "<group>";
		};
		2937A9871CC6A3E700BAAFCE /* Products */ = {
			isa = PBXGroup;
			children = (
				2937A9861CC6A3E700BAAFCE /* Stories.app */,
			);
			name = Products;
			sourceTree = "<group>";
		};
		2937A9881CC6A3E700BAAFCE /* Stories */ = {
			isa = PBXGroup;
			children = (
				2937A9891CC6A3E700BAAFCE /* AppDelegate.swift */,
				2937A98B1CC6A3E700BAAFCE /* ViewController.swift */,
				2937A9AD1CC6A87E00BAAFCE /* Story */,
				2937A9AC1CC6A87600BAAFCE /* Menu */,
				2937A9AB1CC6A86D00BAAFCE /* Engine */,
				2937A9AA1CC6A86100BAAFCE /* Finale */,
				2937A9A91CC6A85600BAAFCE /* Welcome */,
				2937A9A71CC6A81D00BAAFCE /* Library */,
				2937A99B1CC6A6AD00BAAFCE /* Resources */,
			);
			path = Stories;
			sourceTree = "<group>";
		};
		2937A99B1CC6A6AD00BAAFCE /* Resources */ = {
			isa = PBXGroup;
			children = (
				2937A9A31CC6A7AC00BAAFCE /* Brandon_bld.otf */,
				2937A9A41CC6A7AC00BAAFCE /* Monaco.ttf */,
				2937A99C1CC6A6AD00BAAFCE /* Assets.xcassets */,
				2937A99D1CC6A6AD00BAAFCE /* LaunchScreen.storyboard */,
				2937A99F1CC6A6AD00BAAFCE /* Info.plist */,
			);
			path = Resources;
			sourceTree = "<group>";
		};
		2937A9A71CC6A81D00BAAFCE /* Library */ = {
			isa = PBXGroup;
			children = (
				2937A9A81CC6A84700BAAFCE /* Constants */,
			);
			path = Library;
			sourceTree = "<group>";
		};
		2937A9A81CC6A84700BAAFCE /* Constants */ = {
			isa = PBXGroup;
			children = (
			);
			path = Constants;
			sourceTree = "<group>";
		};
		2937A9A91CC6A85600BAAFCE /* Welcome */ = {
			isa = PBXGroup;
			children = (
				2937A9B21CC6A8BB00BAAFCE /* Views */,
			);
			path = Welcome;
			sourceTree = "<group>";
		};
		2937A9AA1CC6A86100BAAFCE /* Finale */ = {
			isa = PBXGroup;
			children = (
				2937A9AF1CC6A8A900BAAFCE /* Views */,
			);
			path = Finale;
			sourceTree = "<group>";
		};
		2937A9AB1CC6A86D00BAAFCE /* Engine */ = {
			isa = PBXGroup;
			children = (
				2937A9AE1CC6A8A300BAAFCE /* Views */,
			);
			path = Engine;
			sourceTree = "<group>";
		};
		2937A9AC1CC6A87600BAAFCE /* Menu */ = {
			isa = PBXGroup;
			children = (
				2937A9B01CC6A8AF00BAAFCE /* Views */,
			);
			path = Menu;
			sourceTree = "<group>";
		};
		2937A9AD1CC6A87E00BAAFCE /* Story */ = {
			isa = PBXGroup;
			children = (
				2937A9B11CC6A8B500BAAFCE /* Views */,
			);
			path = Story;
			sourceTree = "<group>";
		};
		2937A9AE1CC6A8A300BAAFCE /* Views */ = {
			isa = PBXGroup;
			children = (
			);
			path = Views;
			sourceTree = "<group>";
		};
		2937A9AF1CC6A8A900BAAFCE /* Views */ = {
			isa = PBXGroup;
			children = (
			);
			path = Views;
			sourceTree = "<group>";
		};
		2937A9B01CC6A8AF00BAAFCE /* Views */ = {
			isa = PBXGroup;
			children = (
			);
			path = Views;
			sourceTree = "<group>";
		};
		2937A9B11CC6A8B500BAAFCE /* Views */ = {
			isa = PBXGroup;
			children = (
			);
			path = Views;
			sourceTree = "<group>";
		};
		2937A9B21CC6A8BB00BAAFCE /* Views */ = {
			isa = PBXGroup;
			children = (
			);
			path = Views;
			sourceTree = "<group>";
		};
		4BA83F6D10AAB55A6CB738FC /* Pods */ = {
			isa = PBXGroup;
			children = (
				DF69EFBDCE7980C4931FA796 /* Pods-Stories.debug.xcconfig */,
				6237324DE4E4A02943F19DA1 /* Pods-Stories.release.xcconfig */,
			);
			name = Pods;
			sourceTree = "<group>";
		};
/* End PBXGroup section */

/* Begin PBXNativeTarget section */
		2937A9851CC6A3E700BAAFCE /* Stories */ = {
			isa = PBXNativeTarget;
			buildConfigurationList = 2937A9981CC6A3E800BAAFCE /* Build configuration list for PBXNativeTarget "Stories" */;
			buildPhases = (
				BF89F56A69FD506C9AAB89FF /* 📦 Check Pods Manifest.lock */,
				2937A9821CC6A3E700BAAFCE /* Sources */,
				2937A9831CC6A3E700BAAFCE /* Frameworks */,
				2937A9841CC6A3E700BAAFCE /* Resources */,
				918B649E16E36D8E660106E0 /* 📦 Embed Pods Frameworks */,
				C4E48884008BFB75038B9AED /* 📦 Copy Pods Resources */,
			);
			buildRules = (
			);
			dependencies = (
			);
			name = Stories;
			productName = Stories;
			productReference = 2937A9861CC6A3E700BAAFCE /* Stories.app */;
			productType = "com.apple.product-type.application";
		};
/* End PBXNativeTarget section */

/* Begin PBXProject section */
		2937A97E1CC6A3E700BAAFCE /* Project object */ = {
			isa = PBXProject;
			attributes = {
				LastSwiftUpdateCheck = 0730;
				LastUpgradeCheck = 0730;
				ORGANIZATIONNAME = BlackBox;
				TargetAttributes = {
					2937A9851CC6A3E700BAAFCE = {
						CreatedOnToolsVersion = 7.3;
					};
				};
			};
			buildConfigurationList = 2937A9811CC6A3E700BAAFCE /* Build configuration list for PBXProject "Stories" */;
			compatibilityVersion = "Xcode 3.2";
			developmentRegion = English;
			hasScannedForEncodings = 0;
			knownRegions = (
				en,
				Base,
			);
			mainGroup = 2937A97D1CC6A3E700BAAFCE;
			productRefGroup = 2937A9871CC6A3E700BAAFCE /* Products */;
			projectDirPath = "";
			projectRoot = "";
			targets = (
				2937A9851CC6A3E700BAAFCE /* Stories */,
			);
		};
/* End PBXProject section */

/* Begin PBXResourcesBuildPhase section */
		2937A9841CC6A3E700BAAFCE /* Resources */ = {
			isa = PBXResourcesBuildPhase;
			buildActionMask = 2147483647;
			files = (
				2937A9A01CC6A6AD00BAAFCE /* Assets.xcassets in Resources */,
				2937A9A11CC6A6AD00BAAFCE /* LaunchScreen.storyboard in Resources */,
				2937A9A51CC6A7AC00BAAFCE /* Brandon_bld.otf in Resources */,
				2937A9A61CC6A7AC00BAAFCE /* Monaco.ttf in Resources */,
			);
			runOnlyForDeploymentPostprocessing = 0;
		};
/* End PBXResourcesBuildPhase section */

/* Begin PBXShellScriptBuildPhase section */
		918B649E16E36D8E660106E0 /* 📦 Embed Pods Frameworks */ = {
			isa = PBXShellScriptBuildPhase;
			buildActionMask = 2147483647;
			files = (
			);
			inputPaths = (
			);
			name = "📦 Embed Pods Frameworks";
			outputPaths = (
			);
			runOnlyForDeploymentPostprocessing = 0;
			shellPath = /bin/sh;
			shellScript = "\"${SRCROOT}/Pods/Target Support Files/Pods-Stories/Pods-Stories-frameworks.sh\"\n";
			showEnvVarsInLog = 0;
		};
		BF89F56A69FD506C9AAB89FF /* 📦 Check Pods Manifest.lock */ = {
			isa = PBXShellScriptBuildPhase;
			buildActionMask = 2147483647;
			files = (
			);
			inputPaths = (
			);
			name = "📦 Check Pods Manifest.lock";
			outputPaths = (
			);
			runOnlyForDeploymentPostprocessing = 0;
			shellPath = /bin/sh;
			shellScript = "diff \"${PODS_ROOT}/../Podfile.lock\" \"${PODS_ROOT}/Manifest.lock\" > /dev/null\nif [[ $? != 0 ]] ; then\n    cat << EOM\nerror: The sandbox is not in sync with the Podfile.lock. Run 'pod install' or update your CocoaPods installation.\nEOM\n    exit 1\nfi\n";
			showEnvVarsInLog = 0;
		};
		C4E48884008BFB75038B9AED /* 📦 Copy Pods Resources */ = {
			isa = PBXShellScriptBuildPhase;
			buildActionMask = 2147483647;
			files = (
			);
			inputPaths = (
			);
			name = "📦 Copy Pods Resources";
			outputPaths = (
			);
			runOnlyForDeploymentPostprocessing = 0;
			shellPath = /bin/sh;
			shellScript = "\"${SRCROOT}/Pods/Target Support Files/Pods-Stories/Pods-Stories-resources.sh\"\n";
			showEnvVarsInLog = 0;
		};
/* End PBXShellScriptBuildPhase section */

/* Begin PBXSourcesBuildPhase section */
		2937A9821CC6A3E700BAAFCE /* Sources */ = {
			isa = PBXSourcesBuildPhase;
			buildActionMask = 2147483647;
			files = (
				2937A98C1CC6A3E700BAAFCE /* ViewController.swift in Sources */,
				2937A98A1CC6A3E700BAAFCE /* AppDelegate.swift in Sources */,
			);
			runOnlyForDeploymentPostprocessing = 0;
		};
/* End PBXSourcesBuildPhase section */

/* Begin PBXVariantGroup section */
		2937A99D1CC6A6AD00BAAFCE /* LaunchScreen.storyboard */ = {
			isa = PBXVariantGroup;
			children = (
				2937A99E1CC6A6AD00BAAFCE /* Base */,
			);
			name = LaunchScreen.storyboard;
			sourceTree = "<group>";
		};
/* End PBXVariantGroup section */

/* Begin XCBuildConfiguration section */
		2937A9961CC6A3E800BAAFCE /* Debug */ = {
			isa = XCBuildConfiguration;
			buildSettings = {
				ALWAYS_SEARCH_USER_PATHS = NO;
				CLANG_ANALYZER_NONNULL = YES;
				CLANG_CXX_LANGUAGE_STANDARD = "gnu++0x";
				CLANG_CXX_LIBRARY = "libc++";
				CLANG_ENABLE_MODULES = YES;
				CLANG_ENABLE_OBJC_ARC = YES;
				CLANG_WARN_BOOL_CONVERSION = YES;
				CLANG_WARN_CONSTANT_CONVERSION = YES;
				CLANG_WARN_DIRECT_OBJC_ISA_USAGE = YES_ERROR;
				CLANG_WARN_EMPTY_BODY = YES;
				CLANG_WARN_ENUM_CONVERSION = YES;
				CLANG_WARN_INT_CONVERSION = YES;
				CLANG_WARN_OBJC_ROOT_CLASS = YES_ERROR;
				CLANG_WARN_UNREACHABLE_CODE = YES;
				CLANG_WARN__DUPLICATE_METHOD_MATCH = YES;
				"CODE_SIGN_IDENTITY[sdk=iphoneos*]" = "iPhone Developer";
				COPY_PHASE_STRIP = NO;
				DEBUG_INFORMATION_FORMAT = dwarf;
				ENABLE_STRICT_OBJC_MSGSEND = YES;
				ENABLE_TESTABILITY = YES;
				GCC_C_LANGUAGE_STANDARD = gnu99;
				GCC_DYNAMIC_NO_PIC = NO;
				GCC_NO_COMMON_BLOCKS = YES;
				GCC_OPTIMIZATION_LEVEL = 0;
				GCC_PREPROCESSOR_DEFINITIONS = (
					"DEBUG=1",
					"$(inherited)",
				);
				GCC_WARN_64_TO_32_BIT_CONVERSION = YES;
				GCC_WARN_ABOUT_RETURN_TYPE = YES_ERROR;
				GCC_WARN_UNDECLARED_SELECTOR = YES;
				GCC_WARN_UNINITIALIZED_AUTOS = YES_AGGRESSIVE;
				GCC_WARN_UNUSED_FUNCTION = YES;
				GCC_WARN_UNUSED_VARIABLE = YES;
				IPHONEOS_DEPLOYMENT_TARGET = 9.3;
				MTL_ENABLE_DEBUG_INFO = YES;
				ONLY_ACTIVE_ARCH = YES;
				SDKROOT = iphoneos;
				SWIFT_OPTIMIZATION_LEVEL = "-Onone";
			};
			name = Debug;
		};
		2937A9971CC6A3E800BAAFCE /* Release */ = {
			isa = XCBuildConfiguration;
			buildSettings = {
				ALWAYS_SEARCH_USER_PATHS = NO;
				CLANG_ANALYZER_NONNULL = YES;
				CLANG_CXX_LANGUAGE_STANDARD = "gnu++0x";
				CLANG_CXX_LIBRARY = "libc++";
				CLANG_ENABLE_MODULES = YES;
				CLANG_ENABLE_OBJC_ARC = YES;
				CLANG_WARN_BOOL_CONVERSION = YES;
				CLANG_WARN_CONSTANT_CONVERSION = YES;
				CLANG_WARN_DIRECT_OBJC_ISA_USAGE = YES_ERROR;
				CLANG_WARN_EMPTY_BODY = YES;
				CLANG_WARN_ENUM_CONVERSION = YES;
				CLANG_WARN_INT_CONVERSION = YES;
				CLANG_WARN_OBJC_ROOT_CLASS = YES_ERROR;
				CLANG_WARN_UNREACHABLE_CODE = YES;
				CLANG_WARN__DUPLICATE_METHOD_MATCH = YES;
				"CODE_SIGN_IDENTITY[sdk=iphoneos*]" = "iPhone Developer";
				COPY_PHASE_STRIP = NO;
				DEBUG_INFORMATION_FORMAT = "dwarf-with-dsym";
				ENABLE_NS_ASSERTIONS = NO;
				ENABLE_STRICT_OBJC_MSGSEND = YES;
				GCC_C_LANGUAGE_STANDARD = gnu99;
				GCC_NO_COMMON_BLOCKS = YES;
				GCC_WARN_64_TO_32_BIT_CONVERSION = YES;
				GCC_WARN_ABOUT_RETURN_TYPE = YES_ERROR;
				GCC_WARN_UNDECLARED_SELECTOR = YES;
				GCC_WARN_UNINITIALIZED_AUTOS = YES_AGGRESSIVE;
				GCC_WARN_UNUSED_FUNCTION = YES;
				GCC_WARN_UNUSED_VARIABLE = YES;
				IPHONEOS_DEPLOYMENT_TARGET = 9.3;
				MTL_ENABLE_DEBUG_INFO = NO;
				SDKROOT = iphoneos;
				VALIDATE_PRODUCT = YES;
			};
			name = Release;
		};
		2937A9991CC6A3E800BAAFCE /* Debug */ = {
			isa = XCBuildConfiguration;
			baseConfigurationReference = DF69EFBDCE7980C4931FA796 /* Pods-Stories.debug.xcconfig */;
			buildSettings = {
				ASSETCATALOG_COMPILER_APPICON_NAME = AppIcon;
				INFOPLIST_FILE = Stories/Resources/Info.plist;
				LD_RUNPATH_SEARCH_PATHS = "$(inherited) @executable_path/Frameworks";
				PRODUCT_BUNDLE_IDENTIFIER = com.RamonGilabert.Stories;
				PRODUCT_NAME = "$(TARGET_NAME)";
			};
			name = Debug;
		};
		2937A99A1CC6A3E800BAAFCE /* Release */ = {
			isa = XCBuildConfiguration;
			baseConfigurationReference = 6237324DE4E4A02943F19DA1 /* Pods-Stories.release.xcconfig */;
			buildSettings = {
				ASSETCATALOG_COMPILER_APPICON_NAME = AppIcon;
				INFOPLIST_FILE = Stories/Resources/Info.plist;
				LD_RUNPATH_SEARCH_PATHS = "$(inherited) @executable_path/Frameworks";
				PRODUCT_BUNDLE_IDENTIFIER = com.RamonGilabert.Stories;
				PRODUCT_NAME = "$(TARGET_NAME)";
			};
			name = Release;
		};
/* End XCBuildConfiguration section */

/* Begin XCConfigurationList section */
		2937A9811CC6A3E700BAAFCE /* Build configuration list for PBXProject "Stories" */ = {
			isa = XCConfigurationList;
			buildConfigurations = (
				2937A9961CC6A3E800BAAFCE /* Debug */,
				2937A9971CC6A3E800BAAFCE /* Release */,
			);
			defaultConfigurationIsVisible = 0;
			defaultConfigurationName = Release;
		};
		2937A9981CC6A3E800BAAFCE /* Build configuration list for PBXNativeTarget "Stories" */ = {
			isa = XCConfigurationList;
			buildConfigurations = (
				2937A9991CC6A3E800BAAFCE /* Debug */,
				2937A99A1CC6A3E800BAAFCE /* Release */,
			);
			defaultConfigurationIsVisible = 0;
			defaultConfigurationName = Release;
		};
/* End XCConfigurationList section */
	};
	rootObject = 2937A97E1CC6A3E700BAAFCE /* Project object */;
}
