PODS:
  - Hue (1.1)
  - Morgan (0.9.1):
    - Walker
  - Ripple (2.1)
  - Sugar (1.0.12)
  - Transition (0.1.0)
  - Walker (0.9.1)

DEPENDENCIES:
  - Hue
  - Morgan (from `https://github.com/RamonGilabert/Morgan.git`)
  - Ripple (from `https://github.com/RamonGilabert/Ripple.git`)
  - Sugar
  - Transition (from `https://github.com/hyperoslo/Transition`)

EXTERNAL SOURCES:
  Morgan:
    :git: https://github.com/RamonGilabert/Morgan.git
  Ripple:
    :git: https://github.com/RamonGilabert/Ripple.git
  Transition:
    :git: https://github.com/hyperoslo/Transition

CHECKOUT OPTIONS:
  Morgan:
    :commit: 5728b9d7a2fdaa8384821a71403216b07fbbfbc4
    :git: https://github.com/RamonGilabert/Morgan.git
  Ripple:
    :commit: f34a46d3927612b7935130beadf3c2c3624d542d
    :git: https://github.com/RamonGilabert/Ripple.git
  Transition:
    :commit: 0d94057f824787973ae34bac4906164e3d6a2c8b
    :git: https://github.com/hyperoslo/Transition

SPEC CHECKSUMS:
  Hue: ed6781be844b58b2a38150cfd4bf24c33449faf8
  Morgan: 9cb6cdfd5eaafcdc98af5c05620cad575ace77de
  Ripple: fb35d2d638e9bcc03c291f14e80ae6ab1e3a3dea
  Sugar: 7280dfee5299f98cbae23d86c800cccd86377117
  Transition: 66d86e3ae1b8f0b3d9ba2000c7a45fbc17b066f2
  Walker: 9a765e7f35adb19ce59079e26d425c1e8c463241

PODFILE CHECKSUM: d2ae9fe5f59e55605e22d77d1d00c7f9bb3d71fe

COCOAPODS: 1.0.0.beta.6
